{
  "nodes": {
    "mrx": {
      "inputs": {
        "mrx": [
          "mrx"
        ],
        "nixpkgs": [
          "nixpkgs"
        ],
        "rustOverlay": [
          "rustOverlay"
        ]
      },
      "locked": {
        "lastModified": 1768435375,
        "narHash": "sha256-Q8muYfjpwLFQ344hjt06iX8xISGAzge7NXEboBEYQus=",
        "owner": "jkhmtx",
        "repo": "mrx",
        "rev": "01f73a0776d16e05b729205df1a34e456ce251f8",
        "type": "github"
      },
      "original": {
        "owner": "jkhmtx",
        "repo": "mrx",
        "type": "github"
      }
    },
    "nixpkgs": {
      "locked": {
        "lastModified": 1768127708,
        "narHash": "sha256-1Sm77VfZh3mU0F5OqKABNLWxOuDeHIlcFjsXeeiPazs=",
        "owner": "nixos",
        "repo": "nixpkgs",
        "rev": "ffbc9f8cbaacfb331b6017d5a5abb21a492c9a38",
        "type": "github"
      },
      "original": {
        "owner": "nixos",
        "ref": "nixos-unstable",
        "repo": "nixpkgs",
        "type": "github"
      }
    },
    "root": {
      "inputs": {
        "mrx": "mrx",
        "nixpkgs": "nixpkgs",
        "rustOverlay": "rustOverlay"
      }
    },
    "rustOverlay": {
      "inputs": {
        "nixpkgs": [
          "nixpkgs"
        ]
      },
      "locked": {
        "lastModified": 1768359079,
        "narHash": "sha256-a016mOfKconYrYo3fZLN6c2cnmqYYd44g2bUrBZAsQc=",
        "owner": "oxalica",
        "repo": "rust-overlay",
        "rev": "0357d1826057686637e41147545402cbbda420ce",
        "type": "github"
      },
      "original": {
        "owner": "oxalica",
        "repo": "rust-overlay",
        "type": "github"
      }
    }
  },
  "root": "root",
  "version": 7
}
