{
  "nodes": {
    "mrx": {
      "inputs": {
        "mrx": [
          "mrx"
        ],
        "nixpkgs": [
          "nixpkgs"
        ],
        "rustOverlay": [
          "rustOverlay"
        ]
      },
      "locked": {
        "lastModified": 1769007819,
        "narHash": "sha256-6FeGmH0ucvECS1fgnYvGZrDfnNZ2hVEtt8U4YX8hXFQ=",
        "owner": "jkhmtx",
        "repo": "mrx",
        "rev": "6d42a76dc64cbfd8613bbc702d8521d3701aba92",
        "type": "github"
      },
      "original": {
        "owner": "jkhmtx",
        "repo": "mrx",
        "type": "github"
      }
    },
    "nixpkgs": {
      "locked": {
        "lastModified": 1769018530,
        "narHash": "sha256-MJ27Cy2NtBEV5tsK+YraYr2g851f3Fl1LpNHDzDX15c=",
        "owner": "nixos",
        "repo": "nixpkgs",
        "rev": "88d3861acdd3d2f0e361767018218e51810df8a1",
        "type": "github"
      },
      "original": {
        "owner": "nixos",
        "ref": "nixos-unstable",
        "repo": "nixpkgs",
        "type": "github"
      }
    },
    "root": {
      "inputs": {
        "mrx": "mrx",
        "nixpkgs": "nixpkgs",
        "rustOverlay": "rustOverlay"
      }
    },
    "rustOverlay": {
      "inputs": {
        "nixpkgs": [
          "nixpkgs"
        ]
      },
      "locked": {
        "lastModified": 1769222645,
        "narHash": "sha256-gu6oZ86zLudBZMq8LL1qdtYt/S69GV5keQVXdvBrVSU=",
        "owner": "oxalica",
        "repo": "rust-overlay",
        "rev": "22da29e7f3d8cff75009cbbcf992c7cb66920cfd",
        "type": "github"
      },
      "original": {
        "owner": "oxalica",
        "repo": "rust-overlay",
        "type": "github"
      }
    }
  },
  "root": "root",
  "version": 7
}
